<?xml version="1.0" encoding="utf-8"?>
<Project ToolsVersion="4.0" xmlns="http://schemas.microsoft.com/developer/msbuild/2003">
  <ItemGroup>
    <Filter Include="Pliki źródłowe">
      <UniqueIdentifier>{4FC737F1-C7A5-4376-A066-2A32D752A2FF}</UniqueIdentifier>
      <Extensions>cpp;c;cc;cxx;c++;cppm;ixx;def;odl;idl;hpj;bat;asm;asmx</Extensions>
    </Filter>
    <Filter Include="Pliki nagłówkowe">
      <UniqueIdentifier>{93995380-89BD-4b04-88EB-625FBE52EBFB}</UniqueIdentifier>
      <Extensions>h;hh;hpp;hxx;h++;hm;inl;inc;ipp;xsd</Extensions>
    </Filter>
    <Filter Include="Pliki zasobów">
      <UniqueIdentifier>{67DA6AB6-F800-4c08-8B7A-83BB121AAD01}</UniqueIdentifier>
      <Extensions>rc;ico;cur;bmp;dlg;rc2;rct;bin;rgs;gif;jpg;jpeg;jpe;resx;tiff;tif;png;wav;mfcribbon-ms</Extensions>
    </Filter>
    <Filter Include="Mario">
      <UniqueIdentifier>{60e03e7e-5141-4137-bdfd-132346cfafd3}</UniqueIdentifier>
    </Filter>
    <Filter Include="Mario\Application">
      <UniqueIdentifier>{97077f92-7be8-4c28-a6c3-52bc8c0d20f3}</UniqueIdentifier>
    </Filter>
    <Filter Include="Mario\StateMachine">
      <UniqueIdentifier>{c5d86af2-78d6-46e2-af1e-e878adb54491}</UniqueIdentifier>
    </Filter>
    <Filter Include="Mario\UIinGame">
      <UniqueIdentifier>{2b911889-b86b-4dcc-a097-d8f170c566b7}</UniqueIdentifier>
    </Filter>
    <Filter Include="Mario\World">
      <UniqueIdentifier>{3b11f755-d6be-4200-94c0-29d334a4dc14}</UniqueIdentifier>
    </Filter>
    <Filter Include="Mario\Character">
      <UniqueIdentifier>{87705a65-24f4-44ef-84b6-beccca8191ea}</UniqueIdentifier>
    </Filter>
    <Filter Include="Mario\Environment">
      <UniqueIdentifier>{103b5787-9c63-48a8-8846-3bcadb136b96}</UniqueIdentifier>
    </Filter>
  </ItemGroup>
  <ItemGroup>
    <ClCompile Include="Mario.cpp">
      <Filter>Pliki źródłowe</Filter>
    </ClCompile>
    <ClCompile Include="Mario\Application\AppMarioGame.cpp">
      <Filter>Mario\Application</Filter>
    </ClCompile>
    <ClCompile Include="Mario\StateMachine\AuthorsState.cpp">
      <Filter>Mario\StateMachine</Filter>
    </ClCompile>
    <ClCompile Include="Mario\StateMachine\ControlsPanelState.cpp">
      <Filter>Mario\StateMachine</Filter>
    </ClCompile>
    <ClCompile Include="Mario\StateMachine\GameplayState.cpp">
      <Filter>Mario\StateMachine</Filter>
    </ClCompile>
    <ClCompile Include="Mario\StateMachine\LoadingState.cpp">
      <Filter>Mario\StateMachine</Filter>
    </ClCompile>
    <ClCompile Include="Mario\StateMachine\MainMenuState.cpp">
      <Filter>Mario\StateMachine</Filter>
    </ClCompile>
    <ClCompile Include="Mario\StateMachine\WaitingRoomState.cpp">
      <Filter>Mario\StateMachine</Filter>
    </ClCompile>
    <ClCompile Include="Mario\UIinGame\HeartsPanel.cpp">
      <Filter>Mario\UIinGame</Filter>
    </ClCompile>
    <ClCompile Include="Mario\UIinGame\MainMenuPanel.cpp">
      <Filter>Mario\UIinGame</Filter>
    </ClCompile>
    <ClCompile Include="Mario\StateMachine\GameOverState.cpp">
      <Filter>Mario\StateMachine</Filter>
    </ClCompile>
    <ClCompile Include="Mario\StateMachine\WinState.cpp">
      <Filter>Mario\StateMachine</Filter>
    </ClCompile>
    <ClCompile Include="Mario\World\Level1.cpp">
      <Filter>Mario\World</Filter>
    </ClCompile>
    <ClCompile Include="Mario\Character\Character.cpp">
      <Filter>Mario\Character</Filter>
    </ClCompile>
    <ClCompile Include="Mario\Environment\Castle.cpp">
      <Filter>Mario\Environment</Filter>
    </ClCompile>
    <ClCompile Include="Mario\Environment\Coin.cpp">
      <Filter>Mario\Environment</Filter>
    </ClCompile>
    <ClCompile Include="Mario\Environment\CoinCounter.cpp">
      <Filter>Mario\Environment</Filter>
    </ClCompile>
    <ClCompile Include="Mario\Environment\Ground.cpp">
      <Filter>Mario\Environment</Filter>
    </ClCompile>
    <ClCompile Include="Mario\Environment\Enemy.cpp">
      <Filter>Mario\Environment</Filter>
    </ClCompile>
    <ClCompile Include="Mario\World\Confiner.cpp">
      <Filter>Mario\World</Filter>
    </ClCompile>
    <ClCompile Include="Mario\World\LevelManager.cpp">
      <Filter>Mario\World</Filter>
    </ClCompile>
    <ClCompile Include="Mario\UIinGame\UIScene.cpp">
      <Filter>Mario\UIinGame</Filter>
    </ClCompile>
    <ClCompile Include="Mario\World\MapLoader.cpp">
      <Filter>Mario\World</Filter>
    </ClCompile>
  </ItemGroup>
  <ItemGroup>
    <ClInclude Include="Mario\Application\AppMarioGame.h">
      <Filter>Mario\Application</Filter>
    </ClInclude>
    <ClInclude Include="Mario\StateMachine\AuthorsState.h">
      <Filter>Mario\StateMachine</Filter>
    </ClInclude>
    <ClInclude Include="Mario\StateMachine\ControlsPanelState.h">
      <Filter>Mario\StateMachine</Filter>
    </ClInclude>
    <ClInclude Include="Mario\StateMachine\GameplayState.h">
      <Filter>Mario\StateMachine</Filter>
    </ClInclude>
    <ClInclude Include="Mario\StateMachine\LoadingState.h">
      <Filter>Mario\StateMachine</Filter>
    </ClInclude>
    <ClInclude Include="Mario\StateMachine\MainMenuState.h">
      <Filter>Mario\StateMachine</Filter>
    </ClInclude>
    <ClInclude Include="Mario\StateMachine\WaitingRoomState.h">
      <Filter>Mario\StateMachine</Filter>
    </ClInclude>
    <ClInclude Include="Mario\UIinGame\HeartsPanel.h">
      <Filter>Mario\UIinGame</Filter>
    </ClInclude>
    <ClInclude Include="Mario\UIinGame\MainMenuPanel.h">
      <Filter>Mario\UIinGame</Filter>
    </ClInclude>
    <ClInclude Include="resource.h">
      <Filter>Pliki nagłówkowe</Filter>
    </ClInclude>
    <ClInclude Include="resource1.h">
      <Filter>Pliki nagłówkowe</Filter>
    </ClInclude>
    <ClInclude Include="resource2.h">
      <Filter>Pliki nagłówkowe</Filter>
    </ClInclude>
    <ClInclude Include="Mario\StateMachine\GameOverState.h">
      <Filter>Mario\StateMachine</Filter>
    </ClInclude>
    <ClInclude Include="Mario\StateMachine\WinState.h">
      <Filter>Mario\StateMachine</Filter>
    </ClInclude>
    <ClInclude Include="Mario\World\Level1.h">
      <Filter>Mario\World</Filter>
    </ClInclude>
    <ClInclude Include="Mario\Character\Character.h">
      <Filter>Mario\Character</Filter>
    </ClInclude>
    <ClInclude Include="Mario\Environment\Castle.h">
      <Filter>Mario\Environment</Filter>
    </ClInclude>
    <ClInclude Include="Mario\Environment\Coin.h">
      <Filter>Mario\Environment</Filter>
    </ClInclude>
    <ClInclude Include="Mario\Environment\CoinCounter.h">
      <Filter>Mario\Environment</Filter>
    </ClInclude>
    <ClInclude Include="Mario\Environment\Ground.h">
      <Filter>Mario\Environment</Filter>
    </ClInclude>
    <ClInclude Include="Mario\Environment\Enemy.h">
      <Filter>Mario\Environment</Filter>
    </ClInclude>
    <ClInclude Include="Mario\World\Confiner.h">
      <Filter>Mario\World</Filter>
    </ClInclude>
    <ClInclude Include="Mario\World\LevelManager.h">
      <Filter>Mario\World</Filter>
    </ClInclude>
    <ClInclude Include="Mario\UIinGame\UIScene.h">
      <Filter>Mario\UIinGame</Filter>
    </ClInclude>
    <ClInclude Include="Mario\World\MapLoader.h">
      <Filter>Mario\World</Filter>
    </ClInclude>
  </ItemGroup>
  <ItemGroup>
    <ResourceCompile Include="Mario.rc">
      <Filter>Pliki zasobów</Filter>
    </ResourceCompile>
  </ItemGroup>
  <ItemGroup>
    <Image Include="Graphics\Icon\marioIkon.ico">
      <Filter>Pliki zasobów</Filter>
    </Image>
  </ItemGroup>
</Project>